
Microsoft Visual Studio Solution File, Format Version 12.00
# Visual Studio Version 16
VisualStudioVersion = 16.0.30711.63
MinimumVisualStudioVersion = 10.0.40219.1
Project("{FAE04EC0-301F-11D3-BF4B-00C04F79EFBC}") = "NonStaticFunWithReturnType", "NonStaticFunWithReturnType.csproj", "{0A51C900-04B6-48B8-9DA2-1153832555C9}"
EndProject
Project("{FAE04EC0-301F-11D3-BF4B-00C04F79EFBC}") = "StaticFunWithoutReturnType", "..\StaticFunWithoutReturnType\StaticFunWithoutReturnType.csproj", "{0C762D5A-9BD6-413C-9333-50FEFC5BBBCB}"
EndProject
Project("{FAE04EC0-301F-11D3-BF4B-00C04F79EFBC}") = "StaticFunWithReturnType", "..\StaticFunWithReturnType\StaticFunWithReturnType.csproj", "{2FD62191-5464-463F-919C-9F2F379B90AD}"
EndProject
Project("{FAE04EC0-301F-11D3-BF4B-00C04F79EFBC}") = "MethodOverloading", "..\MethodOverloading\MethodOverloading.csproj", "{4F80DFB0-4DE5-4219-B2AD-AF818B0D5BD1}"
EndProject
Project("{FAE04EC0-301F-11D3-BF4B-00C04F79EFBC}") = "Is-a-Relationship", "..\Is-a-Relationship\Is-a-Relationship.csproj", "{6B38A4EC-7B3E-44CB-B74C-5046FA9990FE}"
EndProject
Global
	GlobalSection(SolutionConfigurationPlatforms) = preSolution
		Debug|Any CPU = Debug|Any CPU
		Release|Any CPU = Release|Any CPU
	EndGlobalSection
	GlobalSection(ProjectConfigurationPlatforms) = postSolution
		{0A51C900-04B6-48B8-9DA2-1153832555C9}.Debug|Any CPU.ActiveCfg = Debug|Any CPU
		{0A51C900-04B6-48B8-9DA2-1153832555C9}.Debug|Any CPU.Build.0 = Debug|Any CPU
		{0A51C900-04B6-48B8-9DA2-1153832555C9}.Release|Any CPU.ActiveCfg = Release|Any CPU
		{0A51C900-04B6-48B8-9DA2-1153832555C9}.Release|Any CPU.Build.0 = Release|Any CPU
		{0C762D5A-9BD6-413C-9333-50FEFC5BBBCB}.Debug|Any CPU.ActiveCfg = Debug|Any CPU
		{0C762D5A-9BD6-413C-9333-50FEFC5BBBCB}.Debug|Any CPU.Build.0 = Debug|Any CPU
		{0C762D5A-9BD6-413C-9333-50FEFC5BBBCB}.Release|Any CPU.ActiveCfg = Release|Any CPU
		{0C762D5A-9BD6-413C-9333-50FEFC5BBBCB}.Release|Any CPU.Build.0 = Release|Any CPU
		{2FD62191-5464-463F-919C-9F2F379B90AD}.Debug|Any CPU.ActiveCfg = Debug|Any CPU
		{2FD62191-5464-463F-919C-9F2F379B90AD}.Debug|Any CPU.Build.0 = Debug|Any CPU
		{2FD62191-5464-463F-919C-9F2F379B90AD}.Release|Any CPU.ActiveCfg = Release|Any CPU
		{2FD62191-5464-463F-919C-9F2F379B90AD}.Release|Any CPU.Build.0 = Release|Any CPU
		{4F80DFB0-4DE5-4219-B2AD-AF818B0D5BD1}.Debug|Any CPU.ActiveCfg = Debug|Any CPU
		{4F80DFB0-4DE5-4219-B2AD-AF818B0D5BD1}.Debug|Any CPU.Build.0 = Debug|Any CPU
		{4F80DFB0-4DE5-4219-B2AD-AF818B0D5BD1}.Release|Any CPU.ActiveCfg = Release|Any CPU
		{4F80DFB0-4DE5-4219-B2AD-AF818B0D5BD1}.Release|Any CPU.Build.0 = Release|Any CPU
		{6B38A4EC-7B3E-44CB-B74C-5046FA9990FE}.Debug|Any CPU.ActiveCfg = Debug|Any CPU
		{6B38A4EC-7B3E-44CB-B74C-5046FA9990FE}.Debug|Any CPU.Build.0 = Debug|Any CPU
		{6B38A4EC-7B3E-44CB-B74C-5046FA9990FE}.Release|Any CPU.ActiveCfg = Release|Any CPU
		{6B38A4EC-7B3E-44CB-B74C-5046FA9990FE}.Release|Any CPU.Build.0 = Release|Any CPU
	EndGlobalSection
	GlobalSection(SolutionProperties) = preSolution
		HideSolutionNode = FALSE
	EndGlobalSection
	GlobalSection(ExtensibilityGlobals) = postSolution
		SolutionGuid = {2B1E174C-7A2D-483A-A141-9526625CC106}
	EndGlobalSection
EndGlobal
